<?xml version="1.0" encoding="utf-8"?>
<Project ToolsVersion="4.0" xmlns="http://schemas.microsoft.com/developer/msbuild/2003">
  <ItemGroup>
    <ClCompile Include="src\main.cpp" />
    <ClCompile Include="..\..\src\app2\App2.cpp" />
  </ItemGroup>
  <ItemGroup>
    <ClInclude Include="..\..\src\app2\App2.h" />
  </ItemGroup>
  <ItemGroup>
    <None Include="..\..\res\glsl\app2.frag">
      <Filter>shaders</Filter>
    </None>
    <None Include="..\..\res\glsl\app2.vert">
      <Filter>shaders</Filter>
    </None>
  </ItemGroup>
  <ItemGroup>
    <Filter Include="shaders">
      <UniqueIdentifier>{53b854eb-8d71-4a5f-b59e-0010a6b0a1bf}</UniqueIdentifier>
    </Filter>
  </ItemGroup>
</Project>